
Microsoft Visual Studio Solution File, Format Version 12.00
# Visual Studio 15
VisualStudioVersion = 15.0.28010.2041
MinimumVisualStudioVersion = 10.0.40219.1
Project("{9A19103F-16F7-4668-BE54-9A1E7A4F7556}") = "2025", "2025\2025.csproj", "{9BB73655-13AB-445B-8DE3-CBB9ECD354D3}"
EndProject
Project("{9A19103F-16F7-4668-BE54-9A1E7A4F7556}") = "213j", "213j\213j.csproj", "{65FEB063-4BD5-4950-A670-4760C15768F4}"
EndProject
Project("{9A19103F-16F7-4668-BE54-9A1E7A4F7556}") = "379", "379\379.csproj", "{E8A8893D-2E38-4CC9-ADFE-3AE5E6FFEAFB}"
EndProject
Project("{9A19103F-16F7-4668-BE54-9A1E7A4F7556}") = "372ab", "372ab\372ab.csproj", "{15E1B808-6195-4360-A8BC-66E59EF8C73A}"
EndProject
Project("{2150E333-8FDC-42A3-9474-1A3956D46DE8}") = "solved", "solved", "{C752F0D9-B36E-4367-A1D2-79961204B0DF}"
EndProject
Project("{9A19103F-16F7-4668-BE54-9A1E7A4F7556}") = "398", "398\398.csproj", "{0AF1C819-0C2C-4FA7-9214-7C881AA844CB}"
EndProject
Project("{9A19103F-16F7-4668-BE54-9A1E7A4F7556}") = "Test1Ex2Variantll", "Test1Ex2Variantll\Test1Ex2Variantll.csproj", "{2A8C2A3D-BF3B-43C3-A270-6FB564497DE5}"
EndProject
Project("{9A19103F-16F7-4668-BE54-9A1E7A4F7556}") = "63", "63\63.csproj", "{CEE49311-354D-48E9-AF51-333C19EC87F7}"
EndProject
Global
	GlobalSection(SolutionConfigurationPlatforms) = preSolution
		Debug|Any CPU = Debug|Any CPU
		Release|Any CPU = Release|Any CPU
	EndGlobalSection
	GlobalSection(ProjectConfigurationPlatforms) = postSolution
		{9BB73655-13AB-445B-8DE3-CBB9ECD354D3}.Debug|Any CPU.ActiveCfg = Debug|Any CPU
		{9BB73655-13AB-445B-8DE3-CBB9ECD354D3}.Debug|Any CPU.Build.0 = Debug|Any CPU
		{9BB73655-13AB-445B-8DE3-CBB9ECD354D3}.Release|Any CPU.ActiveCfg = Release|Any CPU
		{9BB73655-13AB-445B-8DE3-CBB9ECD354D3}.Release|Any CPU.Build.0 = Release|Any CPU
		{65FEB063-4BD5-4950-A670-4760C15768F4}.Debug|Any CPU.ActiveCfg = Debug|Any CPU
		{65FEB063-4BD5-4950-A670-4760C15768F4}.Debug|Any CPU.Build.0 = Debug|Any CPU
		{65FEB063-4BD5-4950-A670-4760C15768F4}.Release|Any CPU.ActiveCfg = Release|Any CPU
		{65FEB063-4BD5-4950-A670-4760C15768F4}.Release|Any CPU.Build.0 = Release|Any CPU
		{E8A8893D-2E38-4CC9-ADFE-3AE5E6FFEAFB}.Debug|Any CPU.ActiveCfg = Debug|Any CPU
		{E8A8893D-2E38-4CC9-ADFE-3AE5E6FFEAFB}.Debug|Any CPU.Build.0 = Debug|Any CPU
		{E8A8893D-2E38-4CC9-ADFE-3AE5E6FFEAFB}.Release|Any CPU.ActiveCfg = Release|Any CPU
		{E8A8893D-2E38-4CC9-ADFE-3AE5E6FFEAFB}.Release|Any CPU.Build.0 = Release|Any CPU
		{15E1B808-6195-4360-A8BC-66E59EF8C73A}.Debug|Any CPU.ActiveCfg = Debug|Any CPU
		{15E1B808-6195-4360-A8BC-66E59EF8C73A}.Debug|Any CPU.Build.0 = Debug|Any CPU
		{15E1B808-6195-4360-A8BC-66E59EF8C73A}.Release|Any CPU.ActiveCfg = Release|Any CPU
		{15E1B808-6195-4360-A8BC-66E59EF8C73A}.Release|Any CPU.Build.0 = Release|Any CPU
		{0AF1C819-0C2C-4FA7-9214-7C881AA844CB}.Debug|Any CPU.ActiveCfg = Debug|Any CPU
		{0AF1C819-0C2C-4FA7-9214-7C881AA844CB}.Debug|Any CPU.Build.0 = Debug|Any CPU
		{0AF1C819-0C2C-4FA7-9214-7C881AA844CB}.Release|Any CPU.ActiveCfg = Release|Any CPU
		{0AF1C819-0C2C-4FA7-9214-7C881AA844CB}.Release|Any CPU.Build.0 = Release|Any CPU
		{2A8C2A3D-BF3B-43C3-A270-6FB564497DE5}.Debug|Any CPU.ActiveCfg = Debug|Any CPU
		{2A8C2A3D-BF3B-43C3-A270-6FB564497DE5}.Debug|Any CPU.Build.0 = Debug|Any CPU
		{2A8C2A3D-BF3B-43C3-A270-6FB564497DE5}.Release|Any CPU.ActiveCfg = Release|Any CPU
		{2A8C2A3D-BF3B-43C3-A270-6FB564497DE5}.Release|Any CPU.Build.0 = Release|Any CPU
		{CEE49311-354D-48E9-AF51-333C19EC87F7}.Debug|Any CPU.ActiveCfg = Debug|Any CPU
		{CEE49311-354D-48E9-AF51-333C19EC87F7}.Debug|Any CPU.Build.0 = Debug|Any CPU
		{CEE49311-354D-48E9-AF51-333C19EC87F7}.Release|Any CPU.ActiveCfg = Release|Any CPU
		{CEE49311-354D-48E9-AF51-333C19EC87F7}.Release|Any CPU.Build.0 = Release|Any CPU
	EndGlobalSection
	GlobalSection(SolutionProperties) = preSolution
		HideSolutionNode = FALSE
	EndGlobalSection
	GlobalSection(NestedProjects) = preSolution
		{9BB73655-13AB-445B-8DE3-CBB9ECD354D3} = {C752F0D9-B36E-4367-A1D2-79961204B0DF}
		{65FEB063-4BD5-4950-A670-4760C15768F4} = {C752F0D9-B36E-4367-A1D2-79961204B0DF}
		{E8A8893D-2E38-4CC9-ADFE-3AE5E6FFEAFB} = {C752F0D9-B36E-4367-A1D2-79961204B0DF}
		{15E1B808-6195-4360-A8BC-66E59EF8C73A} = {C752F0D9-B36E-4367-A1D2-79961204B0DF}
		{0AF1C819-0C2C-4FA7-9214-7C881AA844CB} = {C752F0D9-B36E-4367-A1D2-79961204B0DF}
		{2A8C2A3D-BF3B-43C3-A270-6FB564497DE5} = {C752F0D9-B36E-4367-A1D2-79961204B0DF}
		{CEE49311-354D-48E9-AF51-333C19EC87F7} = {C752F0D9-B36E-4367-A1D2-79961204B0DF}
	EndGlobalSection
	GlobalSection(ExtensibilityGlobals) = postSolution
		SolutionGuid = {7694B98D-69DA-4465-BA4F-C67A22D698B4}
	EndGlobalSection
EndGlobal
